// !$*UTF8*$!
{
	archiveVersion = 1;
	classes = {
	};
	objectVersion = 56;
	objects = {

/* Begin PBXBuildFile section */
		637173AD2D366ED100598AE8 /* SlotsParse.cpp in Sources */ = {isa = PBXBuildFile; fileRef = 637173AC2D366ED100598AE8 /* SlotsParse.cpp */; };
		637173AF2D3670C900598AE8 /* SlotsCommon.cpp in Sources */ = {isa = PBXBuildFile; fileRef = 637173AE2D3670C900598AE8 /* SlotsCommon.cpp */; };
/* End PBXBuildFile section */

/* Begin PBXCopyFilesBuildPhase section */
		63D1CAA02D34F7CE00CDE43A /* CopyFiles */ = {
			isa = PBXCopyFilesBuildPhase;
			buildActionMask = 2147483647;
			dstPath = /usr/share/man/man1/;
			dstSubfolderSpec = 0;
			files = (
			);
			runOnlyForDeploymentPostprocessing = 1;
		};
/* End PBXCopyFilesBuildPhase section */

/* Begin PBXFileReference section */
		637173AC2D366ED100598AE8 /* SlotsParse.cpp */ = {isa = PBXFileReference; fileEncoding = 4; lastKnownFileType = sourcecode.cpp.cpp; path = SlotsParse.cpp; sourceTree = "<group>"; };
		637173AE2D3670C900598AE8 /* SlotsCommon.cpp */ = {isa = PBXFileReference; fileEncoding = 4; lastKnownFileType = sourcecode.cpp.cpp; path = SlotsCommon.cpp; sourceTree = "<group>"; };
		637173B02D36744100598AE8 /* SlotsCommon.h */ = {isa = PBXFileReference; lastKnownFileType = sourcecode.c.h; path = SlotsCommon.h; sourceTree = "<group>"; };
		637173B12D36A6A200598AE8 /* MacDefs.h */ = {isa = PBXFileReference; lastKnownFileType = sourcecode.c.h; path = MacDefs.h; sourceTree = "<group>"; };
		63D1CAA22D34F7CE00CDE43A /* SlotsParse */ = {isa = PBXFileReference; explicitFileType = "compiled.mach-o.executable"; includeInIndex = 0; path = SlotsParse; sourceTree = BUILT_PRODUCTS_DIR; };
		63D1CAAD2D34F85D00CDE43A /* SlotsDump.cpp */ = {isa = PBXFileReference; fileEncoding = 4; lastKnownFileType = sourcecode.cpp.cpp; path = SlotsDump.cpp; sourceTree = "<group>"; usesTabs = 1; };
/* End PBXFileReference section */

/* Begin PBXFrameworksBuildPhase section */
		63D1CA9F2D34F7CE00CDE43A /* Frameworks */ = {
			isa = PBXFrameworksBuildPhase;
			buildActionMask = 2147483647;
			files = (
			);
			runOnlyForDeploymentPostprocessing = 0;
		};
/* End PBXFrameworksBuildPhase section */

/* Begin PBXGroup section */
		63D1CA992D34F7CE00CDE43A = {
			isa = PBXGroup;
			children = (
				63D1CAAC2D34F84F00CDE43A /* Source */,
				63D1CAA32D34F7CE00CDE43A /* Products */,
			);
			indentWidth = 4;
			sourceTree = "<group>";
			tabWidth = 4;
			usesTabs = 1;
		};
		63D1CAA32D34F7CE00CDE43A /* Products */ = {
			isa = PBXGroup;
			children = (
				63D1CAA22D34F7CE00CDE43A /* SlotsParse */,
			);
			name = Products;
			sourceTree = "<group>";
		};
		63D1CAAC2D34F84F00CDE43A /* Source */ = {
			isa = PBXGroup;
			children = (
				637173B12D36A6A200598AE8 /* MacDefs.h */,
				637173B02D36744100598AE8 /* SlotsCommon.h */,
				637173AE2D3670C900598AE8 /* SlotsCommon.cpp */,
				637173AC2D366ED100598AE8 /* SlotsParse.cpp */,
				63D1CAAD2D34F85D00CDE43A /* SlotsDump.cpp */,
			);
			name = Source;
			sourceTree = "<group>";
		};
/* End PBXGroup section */

/* Begin PBXNativeTarget section */
		63D1CAA12D34F7CE00CDE43A /* SlotsParse */ = {
			isa = PBXNativeTarget;
			buildConfigurationList = 63D1CAA92D34F7CE00CDE43A /* Build configuration list for PBXNativeTarget "SlotsParse" */;
			buildPhases = (
				63D1CA9E2D34F7CE00CDE43A /* Sources */,
				63D1CA9F2D34F7CE00CDE43A /* Frameworks */,
				63D1CAA02D34F7CE00CDE43A /* CopyFiles */,
			);
			buildRules = (
			);
			dependencies = (
			);
			name = SlotsParse;
			productName = SlotsParse;
			productReference = 63D1CAA22D34F7CE00CDE43A /* SlotsParse */;
			productType = "com.apple.product-type.tool";
		};
/* End PBXNativeTarget section */

/* Begin PBXProject section */
		63D1CA9A2D34F7CE00CDE43A /* Project object */ = {
			isa = PBXProject;
			attributes = {
				BuildIndependentTargetsInParallel = 1;
				LastUpgradeCheck = 1420;
				TargetAttributes = {
					63D1CAA12D34F7CE00CDE43A = {
						CreatedOnToolsVersion = 14.2;
					};
				};
			};
			buildConfigurationList = 63D1CA9D2D34F7CE00CDE43A /* Build configuration list for PBXProject "SlotsParse" */;
			compatibilityVersion = "Xcode 14.0";
			developmentRegion = en;
			hasScannedForEncodings = 0;
			knownRegions = (
				en,
				Base,
			);
			mainGroup = 63D1CA992D34F7CE00CDE43A;
			productRefGroup = 63D1CAA32D34F7CE00CDE43A /* Products */;
			projectDirPath = "";
			projectRoot = "";
			targets = (
				63D1CAA12D34F7CE00CDE43A /* SlotsParse */,
			);
		};
/* End PBXProject section */

/* Begin PBXSourcesBuildPhase section */
		63D1CA9E2D34F7CE00CDE43A /* Sources */ = {
			isa = PBXSourcesBuildPhase;
			buildActionMask = 2147483647;
			files = (
				637173AD2D366ED100598AE8 /* SlotsParse.cpp in Sources */,
				637173AF2D3670C900598AE8 /* SlotsCommon.cpp in Sources */,
			);
			runOnlyForDeploymentPostprocessing = 0;
		};
/* End PBXSourcesBuildPhase section */

/* Begin XCBuildConfiguration section */
		63D1CAA72D34F7CE00CDE43A /* Debug */ = {
			isa = XCBuildConfiguration;
			buildSettings = {
				ALWAYS_SEARCH_USER_PATHS = NO;
				CLANG_ANALYZER_NONNULL = YES;
				CLANG_ANALYZER_NUMBER_OBJECT_CONVERSION = YES_AGGRESSIVE;
				CLANG_CXX_LANGUAGE_STANDARD = "gnu++20";
				CLANG_ENABLE_MODULES = YES;
				CLANG_ENABLE_OBJC_ARC = YES;
				CLANG_ENABLE_OBJC_WEAK = YES;
				CLANG_WARN_BLOCK_CAPTURE_AUTORELEASING = YES;
				CLANG_WARN_BOOL_CONVERSION = YES;
				CLANG_WARN_COMMA = YES;
				CLANG_WARN_CONSTANT_CONVERSION = YES;
				CLANG_WARN_DEPRECATED_OBJC_IMPLEMENTATIONS = YES;
				CLANG_WARN_DIRECT_OBJC_ISA_USAGE = YES_ERROR;
				CLANG_WARN_DOCUMENTATION_COMMENTS = YES;
				CLANG_WARN_EMPTY_BODY = YES;
				CLANG_WARN_ENUM_CONVERSION = YES;
				CLANG_WARN_INFINITE_RECURSION = YES;
				CLANG_WARN_INT_CONVERSION = YES;
				CLANG_WARN_NON_LITERAL_NULL_CONVERSION = YES;
				CLANG_WARN_OBJC_IMPLICIT_RETAIN_SELF = YES;
				CLANG_WARN_OBJC_LITERAL_CONVERSION = YES;
				CLANG_WARN_OBJC_ROOT_CLASS = YES_ERROR;
				CLANG_WARN_QUOTED_INCLUDE_IN_FRAMEWORK_HEADER = YES;
				CLANG_WARN_RANGE_LOOP_ANALYSIS = YES;
				CLANG_WARN_STRICT_PROTOTYPES = YES;
				CLANG_WARN_SUSPICIOUS_MOVE = YES;
				CLANG_WARN_UNGUARDED_AVAILABILITY = YES_AGGRESSIVE;
				CLANG_WARN_UNREACHABLE_CODE = YES;
				CLANG_WARN__DUPLICATE_METHOD_MATCH = YES;
				COPY_PHASE_STRIP = NO;
				DEBUG_INFORMATION_FORMAT = dwarf;
				ENABLE_STRICT_OBJC_MSGSEND = YES;
				ENABLE_TESTABILITY = YES;
				GCC_C_LANGUAGE_STANDARD = gnu11;
				GCC_DYNAMIC_NO_PIC = NO;
				GCC_NO_COMMON_BLOCKS = YES;
				GCC_OPTIMIZATION_LEVEL = 0;
				GCC_PREPROCESSOR_DEFINITIONS = (
					"DEBUG=1",
					"$(inherited)",
				);
				GCC_WARN_64_TO_32_BIT_CONVERSION = YES;
				GCC_WARN_ABOUT_RETURN_TYPE = YES_ERROR;
				GCC_WARN_UNDECLARED_SELECTOR = YES;
				GCC_WARN_UNINITIALIZED_AUTOS = YES_AGGRESSIVE;
				GCC_WARN_UNUSED_FUNCTION = YES;
				GCC_WARN_UNUSED_VARIABLE = YES;
				MACOSX_DEPLOYMENT_TARGET = 12.7;
				MTL_ENABLE_DEBUG_INFO = INCLUDE_SOURCE;
				MTL_FAST_MATH = YES;
				ONLY_ACTIVE_ARCH = YES;
				SDKROOT = macosx;
			};
			name = Debug;
		};
		63D1CAA82D34F7CE00CDE43A /* Release */ = {
			isa = XCBuildConfiguration;
			buildSettings = {
				ALWAYS_SEARCH_USER_PATHS = NO;
				CLANG_ANALYZER_NONNULL = YES;
				CLANG_ANALYZER_NUMBER_OBJECT_CONVERSION = YES_AGGRESSIVE;
				CLANG_CXX_LANGUAGE_STANDARD = "gnu++20";
				CLANG_ENABLE_MODULES = YES;
				CLANG_ENABLE_OBJC_ARC = YES;
				CLANG_ENABLE_OBJC_WEAK = YES;
				CLANG_WARN_BLOCK_CAPTURE_AUTORELEASING = YES;
				CLANG_WARN_BOOL_CONVERSION = YES;
				CLANG_WARN_COMMA = YES;
				CLANG_WARN_CONSTANT_CONVERSION = YES;
				CLANG_WARN_DEPRECATED_OBJC_IMPLEMENTATIONS = YES;
				CLANG_WARN_DIRECT_OBJC_ISA_USAGE = YES_ERROR;
				CLANG_WARN_DOCUMENTATION_COMMENTS = YES;
				CLANG_WARN_EMPTY_BODY = YES;
				CLANG_WARN_ENUM_CONVERSION = YES;
				CLANG_WARN_INFINITE_RECURSION = YES;
				CLANG_WARN_INT_CONVERSION = YES;
				CLANG_WARN_NON_LITERAL_NULL_CONVERSION = YES;
				CLANG_WARN_OBJC_IMPLICIT_RETAIN_SELF = YES;
				CLANG_WARN_OBJC_LITERAL_CONVERSION = YES;
				CLANG_WARN_OBJC_ROOT_CLASS = YES_ERROR;
				CLANG_WARN_QUOTED_INCLUDE_IN_FRAMEWORK_HEADER = YES;
				CLANG_WARN_RANGE_LOOP_ANALYSIS = YES;
				CLANG_WARN_STRICT_PROTOTYPES = YES;
				CLANG_WARN_SUSPICIOUS_MOVE = YES;
				CLANG_WARN_UNGUARDED_AVAILABILITY = YES_AGGRESSIVE;
				CLANG_WARN_UNREACHABLE_CODE = YES;
				CLANG_WARN__DUPLICATE_METHOD_MATCH = YES;
				COPY_PHASE_STRIP = NO;
				DEBUG_INFORMATION_FORMAT = "dwarf-with-dsym";
				ENABLE_NS_ASSERTIONS = NO;
				ENABLE_STRICT_OBJC_MSGSEND = YES;
				GCC_C_LANGUAGE_STANDARD = gnu11;
				GCC_NO_COMMON_BLOCKS = YES;
				GCC_WARN_64_TO_32_BIT_CONVERSION = YES;
				GCC_WARN_ABOUT_RETURN_TYPE = YES_ERROR;
				GCC_WARN_UNDECLARED_SELECTOR = YES;
				GCC_WARN_UNINITIALIZED_AUTOS = YES_AGGRESSIVE;
				GCC_WARN_UNUSED_FUNCTION = YES;
				GCC_WARN_UNUSED_VARIABLE = YES;
				MACOSX_DEPLOYMENT_TARGET = 12.7;
				MTL_ENABLE_DEBUG_INFO = NO;
				MTL_FAST_MATH = YES;
				SDKROOT = macosx;
			};
			name = Release;
		};
		63D1CAAA2D34F7CE00CDE43A /* Debug */ = {
			isa = XCBuildConfiguration;
			buildSettings = {
				CODE_SIGN_STYLE = Automatic;
				OTHER_CFLAGS = "-D__SLOTSPARSE__";
				PRODUCT_NAME = "$(TARGET_NAME)";
			};
			name = Debug;
		};
		63D1CAAB2D34F7CE00CDE43A /* Release */ = {
			isa = XCBuildConfiguration;
			buildSettings = {
				CODE_SIGN_STYLE = Automatic;
				OTHER_CFLAGS = "-D__SLOTSPARSE__";
				PRODUCT_NAME = "$(TARGET_NAME)";
			};
			name = Release;
		};
/* End XCBuildConfiguration section */

/* Begin XCConfigurationList section */
		63D1CA9D2D34F7CE00CDE43A /* Build configuration list for PBXProject "SlotsParse" */ = {
			isa = XCConfigurationList;
			buildConfigurations = (
				63D1CAA72D34F7CE00CDE43A /* Debug */,
				63D1CAA82D34F7CE00CDE43A /* Release */,
			);
			defaultConfigurationIsVisible = 0;
			defaultConfigurationName = Release;
		};
		63D1CAA92D34F7CE00CDE43A /* Build configuration list for PBXNativeTarget "SlotsParse" */ = {
			isa = XCConfigurationList;
			buildConfigurations = (
				63D1CAAA2D34F7CE00CDE43A /* Debug */,
				63D1CAAB2D34F7CE00CDE43A /* Release */,
			);
			defaultConfigurationIsVisible = 0;
			defaultConfigurationName = Release;
		};
/* End XCConfigurationList section */
	};
	rootObject = 63D1CA9A2D34F7CE00CDE43A /* Project object */;
}
